
Microsoft Visual Studio Solution File, Format Version 12.00
# Visual Studio Version 16
VisualStudioVersion = 16.0.29424.173
MinimumVisualStudioVersion = 10.0.40219.1
Project("{FAE04EC0-301F-11D3-BF4B-00C04F79EFBC}") = "EF_SQlite_1", "EF_SQlite_1\EF_SQlite_1.csproj", "{AECDA3C3-7057-4130-9D45-1FFB18187431}"
EndProject
Global
	GlobalSection(SolutionConfigurationPlatforms) = preSolution
		Debug|Any CPU = Debug|Any CPU
		Release|Any CPU = Release|Any CPU
	EndGlobalSection
	GlobalSection(ProjectConfigurationPlatforms) = postSolution
		{AECDA3C3-7057-4130-9D45-1FFB18187431}.Debug|Any CPU.ActiveCfg = Debug|Any CPU
		{AECDA3C3-7057-4130-9D45-1FFB18187431}.Debug|Any CPU.Build.0 = Debug|Any CPU
		{AECDA3C3-7057-4130-9D45-1FFB18187431}.Release|Any CPU.ActiveCfg = Release|Any CPU
		{AECDA3C3-7057-4130-9D45-1FFB18187431}.Release|Any CPU.Build.0 = Release|Any CPU
	EndGlobalSection
	GlobalSection(SolutionProperties) = preSolution
		HideSolutionNode = FALSE
	EndGlobalSection
	GlobalSection(ExtensibilityGlobals) = postSolution
		SolutionGuid = {829C29A7-913F-479C-BB8B-C5956C537593}
	EndGlobalSection
EndGlobal
