
Microsoft Visual Studio Solution File, Format Version 12.00
# Visual Studio Version 16
VisualStudioVersion = 16.0.29613.14
MinimumVisualStudioVersion = 10.0.40219.1
Project("{FAE04EC0-301F-11D3-BF4B-00C04F79EFBC}") = "LinqBasico3", "LinqBasico3\LinqBasico3.csproj", "{572C0D29-16E8-49C6-9032-22AF70F42DD0}"
EndProject
Global
	GlobalSection(SolutionConfigurationPlatforms) = preSolution
		Debug|Any CPU = Debug|Any CPU
		Release|Any CPU = Release|Any CPU
	EndGlobalSection
	GlobalSection(ProjectConfigurationPlatforms) = postSolution
		{572C0D29-16E8-49C6-9032-22AF70F42DD0}.Debug|Any CPU.ActiveCfg = Debug|Any CPU
		{572C0D29-16E8-49C6-9032-22AF70F42DD0}.Debug|Any CPU.Build.0 = Debug|Any CPU
		{572C0D29-16E8-49C6-9032-22AF70F42DD0}.Release|Any CPU.ActiveCfg = Release|Any CPU
		{572C0D29-16E8-49C6-9032-22AF70F42DD0}.Release|Any CPU.Build.0 = Release|Any CPU
	EndGlobalSection
	GlobalSection(SolutionProperties) = preSolution
		HideSolutionNode = FALSE
	EndGlobalSection
	GlobalSection(ExtensibilityGlobals) = postSolution
		SolutionGuid = {4D0E5FC7-1B90-4D0F-86D5-B776491A2AE6}
	EndGlobalSection
EndGlobal
