
Microsoft Visual Studio Solution File, Format Version 12.00
# Visual Studio Version 16
VisualStudioVersion = 16.0.29424.173
MinimumVisualStudioVersion = 10.0.40219.1
Project("{9A19103F-16F7-4668-BE54-9A1E7A4F7556}") = "Ef_Mssql_v3", "Ef_Mssql_v3\Ef_Mssql_v3.csproj", "{F79CAAC7-DB51-4A70-875F-A8F4883C9371}"
EndProject
Global
	GlobalSection(SolutionConfigurationPlatforms) = preSolution
		Debug|Any CPU = Debug|Any CPU
		Release|Any CPU = Release|Any CPU
	EndGlobalSection
	GlobalSection(ProjectConfigurationPlatforms) = postSolution
		{F79CAAC7-DB51-4A70-875F-A8F4883C9371}.Debug|Any CPU.ActiveCfg = Debug|Any CPU
		{F79CAAC7-DB51-4A70-875F-A8F4883C9371}.Debug|Any CPU.Build.0 = Debug|Any CPU
		{F79CAAC7-DB51-4A70-875F-A8F4883C9371}.Release|Any CPU.ActiveCfg = Release|Any CPU
		{F79CAAC7-DB51-4A70-875F-A8F4883C9371}.Release|Any CPU.Build.0 = Release|Any CPU
	EndGlobalSection
	GlobalSection(SolutionProperties) = preSolution
		HideSolutionNode = FALSE
	EndGlobalSection
	GlobalSection(ExtensibilityGlobals) = postSolution
		SolutionGuid = {305E7FDC-3455-456D-8869-EB68545A1C33}
	EndGlobalSection
EndGlobal
