
Microsoft Visual Studio Solution File, Format Version 12.00
# Visual Studio Version 16
VisualStudioVersion = 16.0.29418.71
MinimumVisualStudioVersion = 10.0.40219.1
Project("{FAE04EC0-301F-11D3-BF4B-00C04F79EFBC}") = "EFConsolaTest", "EFConsolaTest\EFConsolaTest.csproj", "{76A1C449-B809-4E99-8602-F12876225982}"
EndProject
Global
	GlobalSection(SolutionConfigurationPlatforms) = preSolution
		Debug|Any CPU = Debug|Any CPU
		Release|Any CPU = Release|Any CPU
	EndGlobalSection
	GlobalSection(ProjectConfigurationPlatforms) = postSolution
		{76A1C449-B809-4E99-8602-F12876225982}.Debug|Any CPU.ActiveCfg = Debug|Any CPU
		{76A1C449-B809-4E99-8602-F12876225982}.Debug|Any CPU.Build.0 = Debug|Any CPU
		{76A1C449-B809-4E99-8602-F12876225982}.Release|Any CPU.ActiveCfg = Release|Any CPU
		{76A1C449-B809-4E99-8602-F12876225982}.Release|Any CPU.Build.0 = Release|Any CPU
	EndGlobalSection
	GlobalSection(SolutionProperties) = preSolution
		HideSolutionNode = FALSE
	EndGlobalSection
	GlobalSection(ExtensibilityGlobals) = postSolution
		SolutionGuid = {6A5A9DD6-6C50-45C3-B4EA-4872AB801263}
	EndGlobalSection
EndGlobal
